// !$*UTF8*$!
{
	archiveVersion = 1;
	classes = {
	};
	objectVersion = 55;
	objects = {

/* Begin PBXFileReference section */
		43B1EC8F277C34EB003BFE5D /* test.php */ = {isa = PBXFileReference; lastKnownFileType = text.script.php; path = test.php; sourceTree = "<group>"; };
		43B1ECB7277E0C44003BFE5D /* testhtml.html */ = {isa = PBXFileReference; lastKnownFileType = text.html; path = testhtml.html; sourceTree = "<group>"; };
/* End PBXFileReference section */

/* Begin PBXGroup section */
		43B1EC7D277C3279003BFE5D = {
			isa = PBXGroup;
			children = (
				43B1ECB7277E0C44003BFE5D /* testhtml.html */,
				43B1EC8F277C34EB003BFE5D /* test.php */,
			);
			sourceTree = "<group>";
		};
/* End PBXGroup section */

/* Begin PBXProject section */
		43B1EC7E277C3279003BFE5D /* Project object */ = {
			isa = PBXProject;
			attributes = {
				BuildIndependentTargetsInParallel = 1;
				LastUpgradeCheck = 1310;
			};
			buildConfigurationList = 43B1EC81277C3279003BFE5D /* Build configuration list for PBXProject "PredictorWebServer" */;
			compatibilityVersion = "Xcode 13.0";
			developmentRegion = en;
			hasScannedForEncodings = 0;
			knownRegions = (
				en,
				Base,
			);
			mainGroup = 43B1EC7D277C3279003BFE5D;
			projectDirPath = "";
			projectRoot = "";
			targets = (
			);
		};
/* End PBXProject section */

/* Begin XCBuildConfiguration section */
		43B1EC82277C3279003BFE5D /* Debug */ = {
			isa = XCBuildConfiguration;
			buildSettings = {
			};
			name = Debug;
		};
		43B1EC83277C3279003BFE5D /* Release */ = {
			isa = XCBuildConfiguration;
			buildSettings = {
			};
			name = Release;
		};
/* End XCBuildConfiguration section */

/* Begin XCConfigurationList section */
		43B1EC81277C3279003BFE5D /* Build configuration list for PBXProject "PredictorWebServer" */ = {
			isa = XCConfigurationList;
			buildConfigurations = (
				43B1EC82277C3279003BFE5D /* Debug */,
				43B1EC83277C3279003BFE5D /* Release */,
			);
			defaultConfigurationIsVisible = 0;
			defaultConfigurationName = Release;
		};
/* End XCConfigurationList section */
	};
	rootObject = 43B1EC7E277C3279003BFE5D /* Project object */;
}
